
Microsoft Visual Studio Solution File, Format Version 12.00
# Visual Studio Version 17
VisualStudioVersion = 17.14.36603.0 d17.14
MinimumVisualStudioVersion = 10.0.40219.1
Project("{FAE04EC0-301F-11D3-BF4B-00C04F79EFBC}") = "Academy", "Inheritance_CS\Academy.csproj", "{ED5C4644-AE77-452D-843A-42C35757BC47}"
EndProject
Global
	GlobalSection(SolutionConfigurationPlatforms) = preSolution
		Debug|Any CPU = Debug|Any CPU
		Release|Any CPU = Release|Any CPU
	EndGlobalSection
	GlobalSection(ProjectConfigurationPlatforms) = postSolution
		{ED5C4644-AE77-452D-843A-42C35757BC47}.Debug|Any CPU.ActiveCfg = Debug|Any CPU
		{ED5C4644-AE77-452D-843A-42C35757BC47}.Debug|Any CPU.Build.0 = Debug|Any CPU
		{ED5C4644-AE77-452D-843A-42C35757BC47}.Release|Any CPU.ActiveCfg = Release|Any CPU
		{ED5C4644-AE77-452D-843A-42C35757BC47}.Release|Any CPU.Build.0 = Release|Any CPU
	EndGlobalSection
	GlobalSection(SolutionProperties) = preSolution
		HideSolutionNode = FALSE
	EndGlobalSection
	GlobalSection(ExtensibilityGlobals) = postSolution
		SolutionGuid = {FE325F2E-761B-447F-BF01-8A3B893D6AC5}
	EndGlobalSection
EndGlobal
